github.com/go-webgpu/goffi v0.6.3 h1:p4gKGikHBAQ/8iUiew9MV4C5M1ZGIsk8QGFGuJjMj+A=
github.com/go-webgpu/goffi v0.6.3/go.mod h1:wfoxNsJkU+5RFbV1kNN1kunhc1lFHuJKK3zpgx08/uM=
github.com/godbus/dbus/v5 v5.2.2 h1:TUR3TgtSVDmjiXOgAAyaZbYmIeP3DPkld3jgKGV8mXQ=
github.com/godbus/dbus/v5 v5.2.2/go.mod h1:3AAv2+hPq5rdnr5txxxRwiGjPXamgoIHgz9FPBfOp3c=
github.com/gogpu/systray v0.2.8 h1:3C/jUnHGO/e/kCbrRWw9n3psuuP7pfvSer68sqjzA4U=
github.com/gogpu/systray v0.2.8/go.mod h1:aoA1tAjYSKH/iVc761t7IVDOaTRYmOwglbcbpcLF1v0=
golang.org/x/image v0.32.0 h1:6lZQWq75h7L5IWNk0r+SCpUJ6tUVd3v4ZHnbRKLkUDQ=
golang.org/x/image v0.32.0/go.mod h1:/R37rrQmKXtO6tYXAjtDLwQgFLHmhW+V6ayXlxzP2Pc=
golang.org/x/sys v0.47.0 h1:o7XGOvZQCADBQQ4Y7VNq2dRWQR7JmOUW8Kxx4ZsNgWs=
golang.org/x/sys v0.47.0/go.mod h1:4GL1E5IUh+htKOUEOaiffhrAeqysfVGipDYzABqnCmw=
